
Microsoft Visual Studio Solution File, Format Version 12.00
# Visual Studio Version 16
VisualStudioVersion = 16.0.30611.23
MinimumVisualStudioVersion = 10.0.40219.1
Project("{FAE04EC0-301F-11D3-BF4B-00C04F79EFBC}") = "HeavyWeapons", "HeavyWeapons.csproj", "{13C30E66-0462-4A8C-8C3C-DBA43CD0227B}"
EndProject
Global
	GlobalSection(SolutionConfigurationPlatforms) = preSolution
		Debug|Any CPU = Debug|Any CPU
		Release|Any CPU = Release|Any CPU
	EndGlobalSection
	GlobalSection(ProjectConfigurationPlatforms) = postSolution
		{13C30E66-0462-4A8C-8C3C-DBA43CD0227B}.Debug|Any CPU.ActiveCfg = Debug|Any CPU
		{13C30E66-0462-4A8C-8C3C-DBA43CD0227B}.Debug|Any CPU.Build.0 = Debug|Any CPU
		{13C30E66-0462-4A8C-8C3C-DBA43CD0227B}.Release|Any CPU.ActiveCfg = Release|Any CPU
		{13C30E66-0462-4A8C-8C3C-DBA43CD0227B}.Release|Any CPU.Build.0 = Release|Any CPU
	EndGlobalSection
	GlobalSection(SolutionProperties) = preSolution
		HideSolutionNode = FALSE
	EndGlobalSection
	GlobalSection(ExtensibilityGlobals) = postSolution
		SolutionGuid = {73ED84C2-B3E6-4364-BB78-84B3DB419CFC}
	EndGlobalSection
EndGlobal
