
Microsoft Visual Studio Solution File, Format Version 12.00
# Visual Studio Version 17
VisualStudioVersion = 17.1.32228.430
MinimumVisualStudioVersion = 10.0.40219.1
Project("{FAE04EC0-301F-11D3-BF4B-00C04F79EFBC}") = "GraphicCustomization", "GraphicCustomization.csproj", "{97FA1308-3ED7-41D8-827D-0CC3A3291EE8}"
EndProject
Global
	GlobalSection(SolutionConfigurationPlatforms) = preSolution
		Debug|Any CPU = Debug|Any CPU
		Release|Any CPU = Release|Any CPU
	EndGlobalSection
	GlobalSection(ProjectConfigurationPlatforms) = postSolution
		{97FA1308-3ED7-41D8-827D-0CC3A3291EE8}.Debug|Any CPU.ActiveCfg = Debug|Any CPU
		{97FA1308-3ED7-41D8-827D-0CC3A3291EE8}.Debug|Any CPU.Build.0 = Debug|Any CPU
		{97FA1308-3ED7-41D8-827D-0CC3A3291EE8}.Release|Any CPU.ActiveCfg = Release|Any CPU
		{97FA1308-3ED7-41D8-827D-0CC3A3291EE8}.Release|Any CPU.Build.0 = Release|Any CPU
	EndGlobalSection
	GlobalSection(SolutionProperties) = preSolution
		HideSolutionNode = FALSE
	EndGlobalSection
	GlobalSection(ExtensibilityGlobals) = postSolution
		SolutionGuid = {3A7CD2D1-4FAC-4365-AD2F-2D749A1FC724}
	EndGlobalSection
EndGlobal
