
Microsoft Visual Studio Solution File, Format Version 12.00
# Visual Studio Version 17
VisualStudioVersion = 17.0.31808.319
MinimumVisualStudioVersion = 10.0.40219.1
Project("{FAE04EC0-301F-11D3-BF4B-00C04F79EFBC}") = "PipeSystem", "PipeSystem\PipeSystem.csproj", "{E55FB3B5-644B-49D4-AF11-BF9404AC896B}"
EndProject
Global
	GlobalSection(SolutionConfigurationPlatforms) = preSolution
		Debug|Any CPU = Debug|Any CPU
		Release|Any CPU = Release|Any CPU
	EndGlobalSection
	GlobalSection(ProjectConfigurationPlatforms) = postSolution
		{E55FB3B5-644B-49D4-AF11-BF9404AC896B}.Debug|Any CPU.ActiveCfg = Debug|Any CPU
		{E55FB3B5-644B-49D4-AF11-BF9404AC896B}.Debug|Any CPU.Build.0 = Debug|Any CPU
		{E55FB3B5-644B-49D4-AF11-BF9404AC896B}.Release|Any CPU.ActiveCfg = Release|Any CPU
		{E55FB3B5-644B-49D4-AF11-BF9404AC896B}.Release|Any CPU.Build.0 = Release|Any CPU
	EndGlobalSection
	GlobalSection(SolutionProperties) = preSolution
		HideSolutionNode = FALSE
	EndGlobalSection
	GlobalSection(ExtensibilityGlobals) = postSolution
		SolutionGuid = {FE9B6869-8352-490D-AFEF-8BE42199061E}
	EndGlobalSection
EndGlobal
