
Microsoft Visual Studio Solution File, Format Version 12.00
# Visual Studio 15
VisualStudioVersion = 15.0.27130.2027
MinimumVisualStudioVersion = 10.0.40219.1
Project("{FAE04EC0-301F-11D3-BF4B-00C04F79EFBC}") = "VanillaWeaponsExpandedLaser", "VanillaWeaponsExpandedLaser.csproj", "{5FCAC459-E927-41FB-9B1C-44EF0ED3F188}"
EndProject
Global
	GlobalSection(SolutionConfigurationPlatforms) = preSolution
		Debug|Any CPU = Debug|Any CPU
		Release|Any CPU = Release|Any CPU
	EndGlobalSection
	GlobalSection(ProjectConfigurationPlatforms) = postSolution
		{5FCAC459-E927-41FB-9B1C-44EF0ED3F188}.Debug|Any CPU.ActiveCfg = Debug|Any CPU
		{5FCAC459-E927-41FB-9B1C-44EF0ED3F188}.Debug|Any CPU.Build.0 = Debug|Any CPU
		{5FCAC459-E927-41FB-9B1C-44EF0ED3F188}.Release|Any CPU.ActiveCfg = Release|Any CPU
		{5FCAC459-E927-41FB-9B1C-44EF0ED3F188}.Release|Any CPU.Build.0 = Release|Any CPU
	EndGlobalSection
	GlobalSection(SolutionProperties) = preSolution
		HideSolutionNode = FALSE
	EndGlobalSection
	GlobalSection(ExtensibilityGlobals) = postSolution
		SolutionGuid = {ED58E975-970A-4237-ADD4-4BC9343D91A9}
	EndGlobalSection
EndGlobal
