
Microsoft Visual Studio Solution File, Format Version 12.00
# Visual Studio Version 16
VisualStudioVersion = 16.0.29123.88
MinimumVisualStudioVersion = 10.0.40219.1
Project("{FAE04EC0-301F-11D3-BF4B-00C04F79EFBC}") = "VFECore", "VFECore.csproj", "{94B465FB-4483-415B-8602-A0FC80B79E70}"
EndProject
Global
	GlobalSection(SolutionConfigurationPlatforms) = preSolution
		Debug|Any CPU = Debug|Any CPU
		Release|Any CPU = Release|Any CPU
	EndGlobalSection
	GlobalSection(ProjectConfigurationPlatforms) = postSolution
		{94B465FB-4483-415B-8602-A0FC80B79E70}.Debug|Any CPU.ActiveCfg = Debug|Any CPU
		{94B465FB-4483-415B-8602-A0FC80B79E70}.Debug|Any CPU.Build.0 = Debug|Any CPU
		{94B465FB-4483-415B-8602-A0FC80B79E70}.Release|Any CPU.ActiveCfg = Release|Any CPU
		{94B465FB-4483-415B-8602-A0FC80B79E70}.Release|Any CPU.Build.0 = Release|Any CPU
	EndGlobalSection
	GlobalSection(SolutionProperties) = preSolution
		HideSolutionNode = FALSE
	EndGlobalSection
	GlobalSection(ExtensibilityGlobals) = postSolution
		SolutionGuid = {1F96684C-AB28-4517-8489-2C35364817A9}
	EndGlobalSection
EndGlobal
