
Microsoft Visual Studio Solution File, Format Version 12.00
# Visual Studio Version 16
VisualStudioVersion = 16.0.30204.135
MinimumVisualStudioVersion = 10.0.40219.1
Project("{FAE04EC0-301F-11D3-BF4B-00C04F79EFBC}") = "OPToxic", "OPToxic\OPToxic.csproj", "{DF67B7AA-A930-4084-A074-9F74B26194BE}"
EndProject
Global
	GlobalSection(SolutionConfigurationPlatforms) = preSolution
		Debug|Any CPU = Debug|Any CPU
		Release|Any CPU = Release|Any CPU
	EndGlobalSection
	GlobalSection(ProjectConfigurationPlatforms) = postSolution
		{DF67B7AA-A930-4084-A074-9F74B26194BE}.Debug|Any CPU.ActiveCfg = Debug|Any CPU
		{DF67B7AA-A930-4084-A074-9F74B26194BE}.Debug|Any CPU.Build.0 = Debug|Any CPU
		{DF67B7AA-A930-4084-A074-9F74B26194BE}.Release|Any CPU.ActiveCfg = Release|Any CPU
		{DF67B7AA-A930-4084-A074-9F74B26194BE}.Release|Any CPU.Build.0 = Release|Any CPU
	EndGlobalSection
	GlobalSection(SolutionProperties) = preSolution
		HideSolutionNode = FALSE
	EndGlobalSection
	GlobalSection(ExtensibilityGlobals) = postSolution
		SolutionGuid = {BF00DE08-E80C-42B3-9D8C-0A9841971321}
	EndGlobalSection
EndGlobal
