
Microsoft Visual Studio Solution File, Format Version 12.00
# Visual Studio Version 16
VisualStudioVersion = 16.0.30709.132
MinimumVisualStudioVersion = 10.0.40219.1
Project("{FAE04EC0-301F-11D3-BF4B-00C04F79EFBC}") = "MVCF", "MVCF.csproj", "{FE04C8B0-931E-4548-B198-E9EA34A757F2}"
EndProject
Global
	GlobalSection(SolutionConfigurationPlatforms) = preSolution
		Debug|Any CPU = Debug|Any CPU
		Release|Any CPU = Release|Any CPU
	EndGlobalSection
	GlobalSection(ProjectConfigurationPlatforms) = postSolution
		{FE04C8B0-931E-4548-B198-E9EA34A757F2}.Debug|Any CPU.ActiveCfg = Debug|Any CPU
		{FE04C8B0-931E-4548-B198-E9EA34A757F2}.Debug|Any CPU.Build.0 = Debug|Any CPU
		{FE04C8B0-931E-4548-B198-E9EA34A757F2}.Release|Any CPU.ActiveCfg = Release|Any CPU
		{FE04C8B0-931E-4548-B198-E9EA34A757F2}.Release|Any CPU.Build.0 = Release|Any CPU
	EndGlobalSection
	GlobalSection(SolutionProperties) = preSolution
		HideSolutionNode = FALSE
	EndGlobalSection
	GlobalSection(ExtensibilityGlobals) = postSolution
		SolutionGuid = {07DF2C2D-2EB7-43CB-9B44-8B59EEE4CC72}
	EndGlobalSection
EndGlobal
