
Microsoft Visual Studio Solution File, Format Version 11.00
# Visual Studio 2010
Project("{FAE04EC0-301F-11D3-BF4B-00C04F79EFBC}") = "RRO", "RRO.csproj", "{7201EFB4-E810-43F0-B074-DFDFAC805387}"
EndProject
Global
	GlobalSection(SolutionConfigurationPlatforms) = preSolution
		Debug|Any CPU = Debug|Any CPU
		Release|Any CPU = Release|Any CPU
	EndGlobalSection
	GlobalSection(ProjectConfigurationPlatforms) = postSolution
		{7201EFB4-E810-43F0-B074-DFDFAC805387}.Debug|Any CPU.ActiveCfg = Debug|Any CPU
		{7201EFB4-E810-43F0-B074-DFDFAC805387}.Debug|Any CPU.Build.0 = Debug|Any CPU
		{7201EFB4-E810-43F0-B074-DFDFAC805387}.Release|Any CPU.ActiveCfg = Release|Any CPU
		{7201EFB4-E810-43F0-B074-DFDFAC805387}.Release|Any CPU.Build.0 = Release|Any CPU
	EndGlobalSection
	GlobalSection(SolutionProperties) = preSolution
		HideSolutionNode = FALSE
	EndGlobalSection
EndGlobal
